
Microsoft Visual Studio Solution File, Format Version 12.00
# Visual Studio Version 17
VisualStudioVersion = 17.9.34723.18
MinimumVisualStudioVersion = 10.0.40219.1
Project("{9A19103F-16F7-4668-BE54-9A1E7A4F7556}") = "searchApp", "searchApp.csproj", "{7B7C0F27-DFD2-4D05-943F-DE027FBA8C22}"
EndProject
Project("{54435603-DBB4-11D2-8724-00A0C9A8B90C}") = "SetupSearchApp", "..\SetupSearchApp\SetupSearchApp.vdproj", "{1C38909D-45B3-48DD-BB37-8B0FF009E108}"
EndProject
Global
	GlobalSection(SolutionConfigurationPlatforms) = preSolution
		Debug|Any CPU = Debug|Any CPU
		Release|Any CPU = Release|Any CPU
	EndGlobalSection
	GlobalSection(ProjectConfigurationPlatforms) = postSolution
		{7B7C0F27-DFD2-4D05-943F-DE027FBA8C22}.Debug|Any CPU.ActiveCfg = Debug|Any CPU
		{7B7C0F27-DFD2-4D05-943F-DE027FBA8C22}.Debug|Any CPU.Build.0 = Debug|Any CPU
		{7B7C0F27-DFD2-4D05-943F-DE027FBA8C22}.Release|Any CPU.ActiveCfg = Release|Any CPU
		{7B7C0F27-DFD2-4D05-943F-DE027FBA8C22}.Release|Any CPU.Build.0 = Release|Any CPU
		{1C38909D-45B3-48DD-BB37-8B0FF009E108}.Debug|Any CPU.ActiveCfg = Debug
		{1C38909D-45B3-48DD-BB37-8B0FF009E108}.Release|Any CPU.ActiveCfg = Release
	EndGlobalSection
	GlobalSection(SolutionProperties) = preSolution
		HideSolutionNode = FALSE
	EndGlobalSection
	GlobalSection(ExtensibilityGlobals) = postSolution
		SolutionGuid = {F84DA120-7044-4AFC-B040-041710583E29}
	EndGlobalSection
EndGlobal
